
Microsoft Visual Studio Solution File, Format Version 12.00
# Visual Studio Version 16
VisualStudioVersion = 16.0.31019.35
MinimumVisualStudioVersion = 10.0.40219.1
Project("{FAE04EC0-301F-11D3-BF4B-00C04F79EFBC}") = "BeatManager(WPF)", "BeatManager(WPF)\BeatManager(WPF).csproj", "{EE38642B-D1CD-4AA3-87BF-82589FF16921}"
EndProject
Global
	GlobalSection(SolutionConfigurationPlatforms) = preSolution
		Debug|Any CPU = Debug|Any CPU
		Release|Any CPU = Release|Any CPU
	EndGlobalSection
	GlobalSection(ProjectConfigurationPlatforms) = postSolution
		{EE38642B-D1CD-4AA3-87BF-82589FF16921}.Debug|Any CPU.ActiveCfg = Debug|Any CPU
		{EE38642B-D1CD-4AA3-87BF-82589FF16921}.Debug|Any CPU.Build.0 = Debug|Any CPU
		{EE38642B-D1CD-4AA3-87BF-82589FF16921}.Release|Any CPU.ActiveCfg = Release|Any CPU
		{EE38642B-D1CD-4AA3-87BF-82589FF16921}.Release|Any CPU.Build.0 = Release|Any CPU
	EndGlobalSection
	GlobalSection(SolutionProperties) = preSolution
		HideSolutionNode = FALSE
	EndGlobalSection
	GlobalSection(ExtensibilityGlobals) = postSolution
		SolutionGuid = {B799BBE6-D1A9-445D-A771-76E954F84BA6}
	EndGlobalSection
EndGlobal
